
Microsoft Visual Studio Solution File, Format Version 12.00
# Visual Studio Version 16
VisualStudioVersion = 16.0.29102.190
MinimumVisualStudioVersion = 10.0.40219.1
Project("{2150E333-8FDC-42A3-9474-1A3956D46DE8}") = "src", "src", "{2557B86E-6ED8-495A-B9A5-BF80CD5C4DAC}"
EndProject
Project("{2150E333-8FDC-42A3-9474-1A3956D46DE8}") = "contrib", "contrib", "{1C0E2F63-A3D6-4B44-BDC7-22F6E31EA9F2}"
	ProjectSection(SolutionItems) = preProject
		App Interface.md = App Interface.md
		LICENSE-GPL.md = LICENSE-GPL.md
		LICENSE-MIT.md = LICENSE-MIT.md
		LICENSE.md = LICENSE.md
		README.md = README.md
	EndProjectSection
EndProject
Project("{8BC9CEB8-8B4A-11D0-8D11-00A0C91BC942}") = "AmtPtpDeviceUsbUm", "src\AmtPtpDeviceUsbUm\MagicTrackpad2PtpDevice.vcxproj", "{87EFA31B-25EB-4944-A30A-300171BFFF57}"
EndProject
Project("{8BC9CEB8-8B4A-11D0-8D11-00A0C91BC942}") = "AmtPtpDeviceSpiKm", "src\AmtPtpDeviceSpiKm\AmtPtpDeviceSpiKm.vcxproj", "{FC08B706-5661-47FA-A840-053B06125750}"
EndProject
Project("{8BC9CEB8-8B4A-11D0-8D11-00A0C91BC942}") = "AmtPtpDeviceUsbKm", "src\AmtPtpDeviceUsbKm\AmtPtpDeviceUsbKm.vcxproj", "{AB3E45E7-C524-47C1-9677-728BA2A19344}"
EndProject
Project("{8BC9CEB8-8B4A-11D0-8D11-00A0C91BC942}") = "AmtPtpDeviceUniversalPkg", "src\AmtPtpDeviceUniversalPkg\AmtPtpDeviceUniversalPkg.vcxproj", "{7AB0A246-AA1C-433B-9E16-88956C51A565}"
EndProject
Global
	GlobalSection(SolutionConfigurationPlatforms) = preSolution
		Debug|ARM = Debug|ARM
		Debug|ARM64 = Debug|ARM64
		Debug|x64 = Debug|x64
		Debug|x86 = Debug|x86
		Release|ARM = Release|ARM
		Release|ARM64 = Release|ARM64
		Release|x64 = Release|x64
		Release|x86 = Release|x86
		ReleaseSigned|ARM = ReleaseSigned|ARM
		ReleaseSigned|ARM64 = ReleaseSigned|ARM64
		ReleaseSigned|x64 = ReleaseSigned|x64
		ReleaseSigned|x86 = ReleaseSigned|x86
	EndGlobalSection
	GlobalSection(ProjectConfigurationPlatforms) = postSolution
		{87EFA31B-25EB-4944-A30A-300171BFFF57}.Debug|ARM.ActiveCfg = Debug|Win32
		{87EFA31B-25EB-4944-A30A-300171BFFF57}.Debug|ARM64.ActiveCfg = Debug|ARM64
		{87EFA31B-25EB-4944-A30A-300171BFFF57}.Debug|ARM64.Build.0 = Debug|ARM64
		{87EFA31B-25EB-4944-A30A-300171BFFF57}.Debug|ARM64.Deploy.0 = Debug|ARM64
		{87EFA31B-25EB-4944-A30A-300171BFFF57}.Debug|x64.ActiveCfg = Debug|x64
		{87EFA31B-25EB-4944-A30A-300171BFFF57}.Debug|x64.Build.0 = Debug|x64
		{87EFA31B-25EB-4944-A30A-300171BFFF57}.Debug|x64.Deploy.0 = Debug|x64
		{87EFA31B-25EB-4944-A30A-300171BFFF57}.Debug|x86.ActiveCfg = Debug|Win32
		{87EFA31B-25EB-4944-A30A-300171BFFF57}.Debug|x86.Build.0 = Debug|Win32
		{87EFA31B-25EB-4944-A30A-300171BFFF57}.Debug|x86.Deploy.0 = Debug|Win32
		{87EFA31B-25EB-4944-A30A-300171BFFF57}.Release|ARM.ActiveCfg = Release|Win32
		{87EFA31B-25EB-4944-A30A-300171BFFF57}.Release|ARM64.ActiveCfg = Release|ARM64
		{87EFA31B-25EB-4944-A30A-300171BFFF57}.Release|ARM64.Build.0 = Release|ARM64
		{87EFA31B-25EB-4944-A30A-300171BFFF57}.Release|ARM64.Deploy.0 = Release|ARM64
		{87EFA31B-25EB-4944-A30A-300171BFFF57}.Release|x64.ActiveCfg = Release|x64
		{87EFA31B-25EB-4944-A30A-300171BFFF57}.Release|x64.Build.0 = Release|x64
		{87EFA31B-25EB-4944-A30A-300171BFFF57}.Release|x64.Deploy.0 = Release|x64
		{87EFA31B-25EB-4944-A30A-300171BFFF57}.Release|x86.ActiveCfg = Release|Win32
		{87EFA31B-25EB-4944-A30A-300171BFFF57}.Release|x86.Build.0 = Release|Win32
		{87EFA31B-25EB-4944-A30A-300171BFFF57}.Release|x86.Deploy.0 = Release|Win32
		{87EFA31B-25EB-4944-A30A-300171BFFF57}.ReleaseSigned|ARM.ActiveCfg = ReleaseSigned|Win32
		{87EFA31B-25EB-4944-A30A-300171BFFF57}.ReleaseSigned|ARM64.ActiveCfg = ReleaseSigned|ARM64
		{87EFA31B-25EB-4944-A30A-300171BFFF57}.ReleaseSigned|ARM64.Build.0 = ReleaseSigned|ARM64
		{87EFA31B-25EB-4944-A30A-300171BFFF57}.ReleaseSigned|ARM64.Deploy.0 = ReleaseSigned|ARM64
		{87EFA31B-25EB-4944-A30A-300171BFFF57}.ReleaseSigned|x64.ActiveCfg = ReleaseSigned|x64
		{87EFA31B-25EB-4944-A30A-300171BFFF57}.ReleaseSigned|x64.Build.0 = ReleaseSigned|x64
		{87EFA31B-25EB-4944-A30A-300171BFFF57}.ReleaseSigned|x64.Deploy.0 = ReleaseSigned|x64
		{87EFA31B-25EB-4944-A30A-300171BFFF57}.ReleaseSigned|x86.ActiveCfg = ReleaseSigned|Win32
		{87EFA31B-25EB-4944-A30A-300171BFFF57}.ReleaseSigned|x86.Build.0 = ReleaseSigned|Win32
		{87EFA31B-25EB-4944-A30A-300171BFFF57}.ReleaseSigned|x86.Deploy.0 = ReleaseSigned|Win32
		{FC08B706-5661-47FA-A840-053B06125750}.Debug|ARM.ActiveCfg = Debug|Win32
		{FC08B706-5661-47FA-A840-053B06125750}.Debug|ARM64.ActiveCfg = Debug|ARM64
		{FC08B706-5661-47FA-A840-053B06125750}.Debug|ARM64.Build.0 = Debug|ARM64
		{FC08B706-5661-47FA-A840-053B06125750}.Debug|ARM64.Deploy.0 = Debug|ARM64
		{FC08B706-5661-47FA-A840-053B06125750}.Debug|x64.ActiveCfg = Debug|x64
		{FC08B706-5661-47FA-A840-053B06125750}.Debug|x64.Build.0 = Debug|x64
		{FC08B706-5661-47FA-A840-053B06125750}.Debug|x64.Deploy.0 = Debug|x64
		{FC08B706-5661-47FA-A840-053B06125750}.Debug|x86.ActiveCfg = Debug|Win32
		{FC08B706-5661-47FA-A840-053B06125750}.Debug|x86.Build.0 = Debug|Win32
		{FC08B706-5661-47FA-A840-053B06125750}.Debug|x86.Deploy.0 = Debug|Win32
		{FC08B706-5661-47FA-A840-053B06125750}.Release|ARM.ActiveCfg = Release|Win32
		{FC08B706-5661-47FA-A840-053B06125750}.Release|ARM64.ActiveCfg = Release|ARM64
		{FC08B706-5661-47FA-A840-053B06125750}.Release|ARM64.Build.0 = Release|ARM64
		{FC08B706-5661-47FA-A840-053B06125750}.Release|ARM64.Deploy.0 = Release|ARM64
		{FC08B706-5661-47FA-A840-053B06125750}.Release|x64.ActiveCfg = Release|x64
		{FC08B706-5661-47FA-A840-053B06125750}.Release|x64.Build.0 = Release|x64
		{FC08B706-5661-47FA-A840-053B06125750}.Release|x64.Deploy.0 = Release|x64
		{FC08B706-5661-47FA-A840-053B06125750}.Release|x86.ActiveCfg = Release|Win32
		{FC08B706-5661-47FA-A840-053B06125750}.Release|x86.Build.0 = Release|Win32
		{FC08B706-5661-47FA-A840-053B06125750}.Release|x86.Deploy.0 = Release|Win32
		{FC08B706-5661-47FA-A840-053B06125750}.ReleaseSigned|ARM.ActiveCfg = ReleaseSigned|Win32
		{FC08B706-5661-47FA-A840-053B06125750}.ReleaseSigned|ARM64.ActiveCfg = ReleaseSigned|ARM64
		{FC08B706-5661-47FA-A840-053B06125750}.ReleaseSigned|ARM64.Build.0 = ReleaseSigned|ARM64
		{FC08B706-5661-47FA-A840-053B06125750}.ReleaseSigned|ARM64.Deploy.0 = ReleaseSigned|ARM64
		{FC08B706-5661-47FA-A840-053B06125750}.ReleaseSigned|x64.ActiveCfg = ReleaseSigned|x64
		{FC08B706-5661-47FA-A840-053B06125750}.ReleaseSigned|x64.Build.0 = ReleaseSigned|x64
		{FC08B706-5661-47FA-A840-053B06125750}.ReleaseSigned|x64.Deploy.0 = ReleaseSigned|x64
		{FC08B706-5661-47FA-A840-053B06125750}.ReleaseSigned|x86.ActiveCfg = ReleaseSigned|Win32
		{FC08B706-5661-47FA-A840-053B06125750}.ReleaseSigned|x86.Build.0 = ReleaseSigned|Win32
		{FC08B706-5661-47FA-A840-053B06125750}.ReleaseSigned|x86.Deploy.0 = ReleaseSigned|Win32
		{AB3E45E7-C524-47C1-9677-728BA2A19344}.Debug|ARM.ActiveCfg = Debug|Win32
		{AB3E45E7-C524-47C1-9677-728BA2A19344}.Debug|ARM64.ActiveCfg = Debug|ARM64
		{AB3E45E7-C524-47C1-9677-728BA2A19344}.Debug|ARM64.Build.0 = Debug|ARM64
		{AB3E45E7-C524-47C1-9677-728BA2A19344}.Debug|ARM64.Deploy.0 = Debug|ARM64
		{AB3E45E7-C524-47C1-9677-728BA2A19344}.Debug|x64.ActiveCfg = Debug|x64
		{AB3E45E7-C524-47C1-9677-728BA2A19344}.Debug|x64.Build.0 = Debug|x64
		{AB3E45E7-C524-47C1-9677-728BA2A19344}.Debug|x64.Deploy.0 = Debug|x64
		{AB3E45E7-C524-47C1-9677-728BA2A19344}.Debug|x86.ActiveCfg = Debug|Win32
		{AB3E45E7-C524-47C1-9677-728BA2A19344}.Debug|x86.Build.0 = Debug|Win32
		{AB3E45E7-C524-47C1-9677-728BA2A19344}.Debug|x86.Deploy.0 = Debug|Win32
		{AB3E45E7-C524-47C1-9677-728BA2A19344}.Release|ARM.ActiveCfg = Release|Win32
		{AB3E45E7-C524-47C1-9677-728BA2A19344}.Release|ARM64.ActiveCfg = Release|ARM64
		{AB3E45E7-C524-47C1-9677-728BA2A19344}.Release|ARM64.Build.0 = Release|ARM64
		{AB3E45E7-C524-47C1-9677-728BA2A19344}.Release|ARM64.Deploy.0 = Release|ARM64
		{AB3E45E7-C524-47C1-9677-728BA2A19344}.Release|x64.ActiveCfg = Release|x64
		{AB3E45E7-C524-47C1-9677-728BA2A19344}.Release|x64.Build.0 = Release|x64
		{AB3E45E7-C524-47C1-9677-728BA2A19344}.Release|x64.Deploy.0 = Release|x64
		{AB3E45E7-C524-47C1-9677-728BA2A19344}.Release|x86.ActiveCfg = Release|Win32
		{AB3E45E7-C524-47C1-9677-728BA2A19344}.Release|x86.Build.0 = Release|Win32
		{AB3E45E7-C524-47C1-9677-728BA2A19344}.Release|x86.Deploy.0 = Release|Win32
		{AB3E45E7-C524-47C1-9677-728BA2A19344}.ReleaseSigned|ARM.ActiveCfg = ReleaseSigned|Win32
		{AB3E45E7-C524-47C1-9677-728BA2A19344}.ReleaseSigned|ARM64.ActiveCfg = ReleaseSigned|ARM64
		{AB3E45E7-C524-47C1-9677-728BA2A19344}.ReleaseSigned|ARM64.Build.0 = ReleaseSigned|ARM64
		{AB3E45E7-C524-47C1-9677-728BA2A19344}.ReleaseSigned|ARM64.Deploy.0 = ReleaseSigned|ARM64
		{AB3E45E7-C524-47C1-9677-728BA2A19344}.ReleaseSigned|x64.ActiveCfg = ReleaseSigned|x64
		{AB3E45E7-C524-47C1-9677-728BA2A19344}.ReleaseSigned|x64.Build.0 = ReleaseSigned|x64
		{AB3E45E7-C524-47C1-9677-728BA2A19344}.ReleaseSigned|x64.Deploy.0 = ReleaseSigned|x64
		{AB3E45E7-C524-47C1-9677-728BA2A19344}.ReleaseSigned|x86.ActiveCfg = ReleaseSigned|Win32
		{AB3E45E7-C524-47C1-9677-728BA2A19344}.ReleaseSigned|x86.Build.0 = ReleaseSigned|Win32
		{AB3E45E7-C524-47C1-9677-728BA2A19344}.ReleaseSigned|x86.Deploy.0 = ReleaseSigned|Win32
		{7AB0A246-AA1C-433B-9E16-88956C51A565}.Debug|ARM.ActiveCfg = Debug|ARM
		{7AB0A246-AA1C-433B-9E16-88956C51A565}.Debug|ARM.Build.0 = Debug|ARM
		{7AB0A246-AA1C-433B-9E16-88956C51A565}.Debug|ARM.Deploy.0 = Debug|ARM
		{7AB0A246-AA1C-433B-9E16-88956C51A565}.Debug|ARM64.ActiveCfg = Debug|ARM64
		{7AB0A246-AA1C-433B-9E16-88956C51A565}.Debug|ARM64.Build.0 = Debug|ARM64
		{7AB0A246-AA1C-433B-9E16-88956C51A565}.Debug|ARM64.Deploy.0 = Debug|ARM64
		{7AB0A246-AA1C-433B-9E16-88956C51A565}.Debug|x64.ActiveCfg = Debug|x64
		{7AB0A246-AA1C-433B-9E16-88956C51A565}.Debug|x64.Build.0 = Debug|x64
		{7AB0A246-AA1C-433B-9E16-88956C51A565}.Debug|x64.Deploy.0 = Debug|x64
		{7AB0A246-AA1C-433B-9E16-88956C51A565}.Debug|x86.ActiveCfg = Debug|Win32
		{7AB0A246-AA1C-433B-9E16-88956C51A565}.Debug|x86.Build.0 = Debug|Win32
		{7AB0A246-AA1C-433B-9E16-88956C51A565}.Debug|x86.Deploy.0 = Debug|Win32
		{7AB0A246-AA1C-433B-9E16-88956C51A565}.Release|ARM.ActiveCfg = Release|ARM
		{7AB0A246-AA1C-433B-9E16-88956C51A565}.Release|ARM.Build.0 = Release|ARM
		{7AB0A246-AA1C-433B-9E16-88956C51A565}.Release|ARM.Deploy.0 = Release|ARM
		{7AB0A246-AA1C-433B-9E16-88956C51A565}.Release|ARM64.ActiveCfg = Release|ARM64
		{7AB0A246-AA1C-433B-9E16-88956C51A565}.Release|ARM64.Build.0 = Release|ARM64
		{7AB0A246-AA1C-433B-9E16-88956C51A565}.Release|ARM64.Deploy.0 = Release|ARM64
		{7AB0A246-AA1C-433B-9E16-88956C51A565}.Release|x64.ActiveCfg = Release|x64
		{7AB0A246-AA1C-433B-9E16-88956C51A565}.Release|x64.Build.0 = Release|x64
		{7AB0A246-AA1C-433B-9E16-88956C51A565}.Release|x64.Deploy.0 = Release|x64
		{7AB0A246-AA1C-433B-9E16-88956C51A565}.Release|x86.ActiveCfg = Release|Win32
		{7AB0A246-AA1C-433B-9E16-88956C51A565}.Release|x86.Build.0 = Release|Win32
		{7AB0A246-AA1C-433B-9E16-88956C51A565}.Release|x86.Deploy.0 = Release|Win32
		{7AB0A246-AA1C-433B-9E16-88956C51A565}.ReleaseSigned|ARM.ActiveCfg = Release|ARM
		{7AB0A246-AA1C-433B-9E16-88956C51A565}.ReleaseSigned|ARM.Build.0 = Release|ARM
		{7AB0A246-AA1C-433B-9E16-88956C51A565}.ReleaseSigned|ARM.Deploy.0 = Release|ARM
		{7AB0A246-AA1C-433B-9E16-88956C51A565}.ReleaseSigned|ARM64.ActiveCfg = Release|ARM64
		{7AB0A246-AA1C-433B-9E16-88956C51A565}.ReleaseSigned|ARM64.Build.0 = Release|ARM64
		{7AB0A246-AA1C-433B-9E16-88956C51A565}.ReleaseSigned|ARM64.Deploy.0 = Release|ARM64
		{7AB0A246-AA1C-433B-9E16-88956C51A565}.ReleaseSigned|x64.ActiveCfg = ReleaseSigned|x64
		{7AB0A246-AA1C-433B-9E16-88956C51A565}.ReleaseSigned|x64.Build.0 = ReleaseSigned|x64
		{7AB0A246-AA1C-433B-9E16-88956C51A565}.ReleaseSigned|x64.Deploy.0 = ReleaseSigned|x64
		{7AB0A246-AA1C-433B-9E16-88956C51A565}.ReleaseSigned|x86.ActiveCfg = Release|Win32
		{7AB0A246-AA1C-433B-9E16-88956C51A565}.ReleaseSigned|x86.Build.0 = Release|Win32
		{7AB0A246-AA1C-433B-9E16-88956C51A565}.ReleaseSigned|x86.Deploy.0 = Release|Win32
	EndGlobalSection
	GlobalSection(SolutionProperties) = preSolution
		HideSolutionNode = FALSE
	EndGlobalSection
	GlobalSection(NestedProjects) = preSolution
		{87EFA31B-25EB-4944-A30A-300171BFFF57} = {2557B86E-6ED8-495A-B9A5-BF80CD5C4DAC}
		{FC08B706-5661-47FA-A840-053B06125750} = {2557B86E-6ED8-495A-B9A5-BF80CD5C4DAC}
		{AB3E45E7-C524-47C1-9677-728BA2A19344} = {2557B86E-6ED8-495A-B9A5-BF80CD5C4DAC}
		{7AB0A246-AA1C-433B-9E16-88956C51A565} = {2557B86E-6ED8-495A-B9A5-BF80CD5C4DAC}
	EndGlobalSection
	GlobalSection(ExtensibilityGlobals) = postSolution
		SolutionGuid = {E8D62F4C-ADCF-4882-AA6B-CA7D97CB284B}
	EndGlobalSection
EndGlobal
