<?xml version="1.0" encoding="utf-8"?>
<Project ToolsVersion="4.0" xmlns="http://schemas.microsoft.com/developer/msbuild/2003">
  <ItemGroup>
    <Filter Include="Source Files">
      <UniqueIdentifier>{4FC737F1-C7A5-4376-A066-2A32D752A2FF}</UniqueIdentifier>
      <Extensions>cpp;c;cc;cxx;def;odl;idl;hpj;bat;asm;asmx</Extensions>
    </Filter>
    <Filter Include="Header Files">
      <UniqueIdentifier>{93995380-89BD-4b04-88EB-625FBE52EBFB}</UniqueIdentifier>
      <Extensions>h;hpp;hxx;hm;inl;inc;xsd</Extensions>
    </Filter>
    <Filter Include="Resource Files">
      <UniqueIdentifier>{67DA6AB6-F800-4c08-8B7A-83BB121AAD01}</UniqueIdentifier>
      <Extensions>rc;ico;cur;bmp;dlg;rc2;rct;bin;rgs;gif;jpg;jpeg;jpe;resx;tiff;tif;png;wav;mfcribbon-ms</Extensions>
    </Filter>
    <Filter Include="Driver Files">
      <UniqueIdentifier>{8E41214B-6785-4CFE-B992-037D68949A14}</UniqueIdentifier>
      <Extensions>inf;inv;inx;mof;mc;</Extensions>
    </Filter>
    <Filter Include="Device Specific Metadata Files">
      <UniqueIdentifier>{d3b4239b-c0e3-4d91-a6ee-730df7a15240}</UniqueIdentifier>
    </Filter>
  </ItemGroup>
  <ItemGroup>
    <ClInclude Include="include\AppleDefinition.h">
      <Filter>Header Files</Filter>
    </ClInclude>
    <ClInclude Include="include\Device.h">
      <Filter>Header Files</Filter>
    </ClInclude>
    <ClInclude Include="include\Driver.h">
      <Filter>Header Files</Filter>
    </ClInclude>
    <ClInclude Include="include\Hid.h">
      <Filter>Header Files</Filter>
    </ClInclude>
    <ClInclude Include="include\HidCommon.h">
      <Filter>Header Files</Filter>
    </ClInclude>
    <ClInclude Include="include\ModernTrace.h">
      <Filter>Header Files</Filter>
    </ClInclude>
    <ClInclude Include="include\Queue.h">
      <Filter>Header Files</Filter>
    </ClInclude>
    <ClInclude Include="include\resource.h">
      <Filter>Header Files</Filter>
    </ClInclude>
    <ClInclude Include="include\Trace.h">
      <Filter>Header Files</Filter>
    </ClInclude>
    <ClInclude Include="include\StaticHidRegistry.h">
      <Filter>Header Files</Filter>
    </ClInclude>
    <ClInclude Include="include\DeviceFamily\Wellspring3.h">
      <Filter>Device Specific Metadata Files</Filter>
    </ClInclude>
    <ClInclude Include="include\DeviceFamily\Wellspring5.h">
      <Filter>Device Specific Metadata Files</Filter>
    </ClInclude>
    <ClInclude Include="include\DeviceFamily\Wellspring6.h">
      <Filter>Device Specific Metadata Files</Filter>
    </ClInclude>
    <ClInclude Include="include\DeviceFamily\Wellspring7A.h">
      <Filter>Device Specific Metadata Files</Filter>
    </ClInclude>
    <ClInclude Include="include\DeviceFamily\Wellspring8.h">
      <Filter>Device Specific Metadata Files</Filter>
    </ClInclude>
    <ClInclude Include="include\DeviceFamily\WellspringMt2.h">
      <Filter>Device Specific Metadata Files</Filter>
    </ClInclude>
  </ItemGroup>
  <ItemGroup>
    <ClCompile Include="Device.c">
      <Filter>Source Files</Filter>
    </ClCompile>
    <ClCompile Include="Driver.c">
      <Filter>Source Files</Filter>
    </ClCompile>
    <ClCompile Include="Queue.c">
      <Filter>Source Files</Filter>
    </ClCompile>
    <ClCompile Include="InputInterrupt.c">
      <Filter>Source Files</Filter>
    </ClCompile>
    <ClCompile Include="Hid.c">
      <Filter>Source Files</Filter>
    </ClCompile>
  </ItemGroup>
  <ItemGroup>
    <ResourceCompile Include="Resource.rc">
      <Filter>Resource Files</Filter>
    </ResourceCompile>
  </ItemGroup>
  <ItemGroup>
    <None Include="AmtPtpDevice.wprp">
      <Filter>Resource Files</Filter>
    </None>
  </ItemGroup>
</Project>